
Microsoft Visual Studio Solution File, Format Version 12.00
# Visual Studio Version 16
VisualStudioVersion = 25.0.1706.14
MinimumVisualStudioVersion = 10.0.40219.1
Project("{FAE04EC0-301F-11D3-BF4B-00C04F79EFBC}") = "MyApiProject", "MyApiProject\MyApiProject.csproj", "{874FB1ED-80A0-4ACE-BB5D-ECC57B192C2E}"
EndProject
Global
	GlobalSection(SolutionConfigurationPlatforms) = preSolution
		Debug|Any CPU = Debug|Any CPU
		Release|Any CPU = Release|Any CPU
	EndGlobalSection
	GlobalSection(ProjectConfigurationPlatforms) = postSolution
		{874FB1ED-80A0-4ACE-BB5D-ECC57B192C2E}.Debug|Any CPU.ActiveCfg = Debug|Any CPU
		{874FB1ED-80A0-4ACE-BB5D-ECC57B192C2E}.Debug|Any CPU.Build.0 = Debug|Any CPU
		{874FB1ED-80A0-4ACE-BB5D-ECC57B192C2E}.Release|Any CPU.ActiveCfg = Release|Any CPU
		{874FB1ED-80A0-4ACE-BB5D-ECC57B192C2E}.Release|Any CPU.Build.0 = Release|Any CPU
	EndGlobalSection
	GlobalSection(SolutionProperties) = preSolution
		HideSolutionNode = FALSE
	EndGlobalSection
	GlobalSection(ExtensibilityGlobals) = postSolution
		SolutionGuid = {52AFFDF6-AEC4-4393-99E3-8E8218298B79}
	EndGlobalSection
EndGlobal
